// !$*UTF8*$!
{
	archiveVersion = 1;
	classes = {
	};
	objectVersion = 50;
	objects = {

/* Begin PBXBuildFile section */
		8967A64824EBA960009BA0C9 /* AppDelegate.m in Sources */ = {isa = PBXBuildFile; fileRef = 8967A64724EBA960009BA0C9 /* AppDelegate.m */; };
		8967A64B24EBA960009BA0C9 /* SceneDelegate.m in Sources */ = {isa = PBXBuildFile; fileRef = 8967A64A24EBA960009BA0C9 /* SceneDelegate.m */; };
		8967A64E24EBA960009BA0C9 /* ViewController.m in Sources */ = {isa = PBXBuildFile; fileRef = 8967A64D24EBA960009BA0C9 /* ViewController.m */; };
		8967A65124EBA960009BA0C9 /* Main.storyboard in Resources */ = {isa = PBXBuildFile; fileRef = 8967A64F24EBA960009BA0C9 /* Main.storyboard */; };
		8967A65324EBA961009BA0C9 /* Assets.xcassets in Resources */ = {isa = PBXBuildFile; fileRef = 8967A65224EBA961009BA0C9 /* Assets.xcassets */; };
		8967A65624EBA961009BA0C9 /* LaunchScreen.storyboard in Resources */ = {isa = PBXBuildFile; fileRef = 8967A65424EBA961009BA0C9 /* LaunchScreen.storyboard */; };
		8967A65924EBA961009BA0C9 /* main.m in Sources */ = {isa = PBXBuildFile; fileRef = 8967A65824EBA961009BA0C9 /* main.m */; };
		8985C43F27577229004E1F52 /* esand_ocr.framework in Frameworks */ = {isa = PBXBuildFile; fileRef = 8985C43E27577229004E1F52 /* esand_ocr.framework */; };
		8985C44227577243004E1F52 /* esandocr.bundle in Resources */ = {isa = PBXBuildFile; fileRef = 8985C44127577243004E1F52 /* esandocr.bundle */; };
		89A182EA24ED6C1F00956CA9 /* logo@3x.png in Resources */ = {isa = PBXBuildFile; fileRef = 89A182E924ED6C1E00956CA9 /* logo@3x.png */; };
/* End PBXBuildFile section */

/* Begin PBXCopyFilesBuildPhase section */
		89A182C424EBAEAA00956CA9 /* Embed Frameworks */ = {
			isa = PBXCopyFilesBuildPhase;
			buildActionMask = 2147483647;
			dstPath = "";
			dstSubfolderSpec = 10;
			files = (
			);
			name = "Embed Frameworks";
			runOnlyForDeploymentPostprocessing = 0;
		};
/* End PBXCopyFilesBuildPhase section */

/* Begin PBXFileReference section */
		8967A64324EBA960009BA0C9 /* ios-ocr.app */ = {isa = PBXFileReference; explicitFileType = wrapper.application; includeInIndex = 0; path = "ios-ocr.app"; sourceTree = BUILT_PRODUCTS_DIR; };
		8967A64624EBA960009BA0C9 /* AppDelegate.h */ = {isa = PBXFileReference; lastKnownFileType = sourcecode.c.h; path = AppDelegate.h; sourceTree = "<group>"; };
		8967A64724EBA960009BA0C9 /* AppDelegate.m */ = {isa = PBXFileReference; lastKnownFileType = sourcecode.c.objc; path = AppDelegate.m; sourceTree = "<group>"; };
		8967A64924EBA960009BA0C9 /* SceneDelegate.h */ = {isa = PBXFileReference; lastKnownFileType = sourcecode.c.h; path = SceneDelegate.h; sourceTree = "<group>"; };
		8967A64A24EBA960009BA0C9 /* SceneDelegate.m */ = {isa = PBXFileReference; lastKnownFileType = sourcecode.c.objc; path = SceneDelegate.m; sourceTree = "<group>"; };
		8967A64C24EBA960009BA0C9 /* ViewController.h */ = {isa = PBXFileReference; lastKnownFileType = sourcecode.c.h; path = ViewController.h; sourceTree = "<group>"; };
		8967A64D24EBA960009BA0C9 /* ViewController.m */ = {isa = PBXFileReference; lastKnownFileType = sourcecode.c.objc; path = ViewController.m; sourceTree = "<group>"; };
		8967A65024EBA960009BA0C9 /* Base */ = {isa = PBXFileReference; lastKnownFileType = file.storyboard; name = Base; path = Base.lproj/Main.storyboard; sourceTree = "<group>"; };
		8967A65224EBA961009BA0C9 /* Assets.xcassets */ = {isa = PBXFileReference; lastKnownFileType = folder.assetcatalog; path = Assets.xcassets; sourceTree = "<group>"; };
		8967A65524EBA961009BA0C9 /* Base */ = {isa = PBXFileReference; lastKnownFileType = file.storyboard; name = Base; path = Base.lproj/LaunchScreen.storyboard; sourceTree = "<group>"; };
		8967A65724EBA961009BA0C9 /* Info.plist */ = {isa = PBXFileReference; lastKnownFileType = text.plist.xml; path = Info.plist; sourceTree = "<group>"; };
		8967A65824EBA961009BA0C9 /* main.m */ = {isa = PBXFileReference; lastKnownFileType = sourcecode.c.objc; path = main.m; sourceTree = "<group>"; };
		8985C43E27577229004E1F52 /* esand_ocr.framework */ = {isa = PBXFileReference; lastKnownFileType = wrapper.framework; name = esand_ocr.framework; path = frameworks/esand_ocr.framework; sourceTree = "<group>"; };
		8985C44127577243004E1F52 /* esandocr.bundle */ = {isa = PBXFileReference; lastKnownFileType = "wrapper.plug-in"; name = esandocr.bundle; path = frameworks/esandocr.bundle; sourceTree = "<group>"; };
		89A182E924ED6C1E00956CA9 /* logo@3x.png */ = {isa = PBXFileReference; lastKnownFileType = image.png; path = "logo@3x.png"; sourceTree = "<group>"; };
/* End PBXFileReference section */

/* Begin PBXFrameworksBuildPhase section */
		8967A64024EBA960009BA0C9 /* Frameworks */ = {
			isa = PBXFrameworksBuildPhase;
			buildActionMask = 2147483647;
			files = (
				8985C43F27577229004E1F52 /* esand_ocr.framework in Frameworks */,
			);
			runOnlyForDeploymentPostprocessing = 0;
		};
/* End PBXFrameworksBuildPhase section */

/* Begin PBXGroup section */
		8967A63A24EBA960009BA0C9 = {
			isa = PBXGroup;
			children = (
				8985C44127577243004E1F52 /* esandocr.bundle */,
				8967A64524EBA960009BA0C9 /* ios-ocr */,
				8967A64424EBA960009BA0C9 /* Products */,
				89EF1ACD24EED6C700A15758 /* Frameworks */,
			);
			sourceTree = "<group>";
		};
		8967A64424EBA960009BA0C9 /* Products */ = {
			isa = PBXGroup;
			children = (
				8967A64324EBA960009BA0C9 /* ios-ocr.app */,
			);
			name = Products;
			sourceTree = "<group>";
		};
		8967A64524EBA960009BA0C9 /* ios-ocr */ = {
			isa = PBXGroup;
			children = (
				89A182E824ED6C1E00956CA9 /* Resources */,
				8967A64624EBA960009BA0C9 /* AppDelegate.h */,
				8967A64724EBA960009BA0C9 /* AppDelegate.m */,
				8967A64924EBA960009BA0C9 /* SceneDelegate.h */,
				8967A64A24EBA960009BA0C9 /* SceneDelegate.m */,
				8967A64C24EBA960009BA0C9 /* ViewController.h */,
				8967A64D24EBA960009BA0C9 /* ViewController.m */,
				8967A64F24EBA960009BA0C9 /* Main.storyboard */,
				8967A65224EBA961009BA0C9 /* Assets.xcassets */,
				8967A65424EBA961009BA0C9 /* LaunchScreen.storyboard */,
				8967A65724EBA961009BA0C9 /* Info.plist */,
				8967A65824EBA961009BA0C9 /* main.m */,
			);
			path = "ios-ocr";
			sourceTree = "<group>";
		};
		89A182E824ED6C1E00956CA9 /* Resources */ = {
			isa = PBXGroup;
			children = (
				89A182E924ED6C1E00956CA9 /* logo@3x.png */,
			);
			path = Resources;
			sourceTree = "<group>";
		};
		89EF1ACD24EED6C700A15758 /* Frameworks */ = {
			isa = PBXGroup;
			children = (
				8985C43E27577229004E1F52 /* esand_ocr.framework */,
			);
			name = Frameworks;
			sourceTree = "<group>";
		};
/* End PBXGroup section */

/* Begin PBXNativeTarget section */
		8967A64224EBA960009BA0C9 /* ios-ocr */ = {
			isa = PBXNativeTarget;
			buildConfigurationList = 8967A65C24EBA961009BA0C9 /* Build configuration list for PBXNativeTarget "ios-ocr" */;
			buildPhases = (
				8967A63F24EBA960009BA0C9 /* Sources */,
				8967A64024EBA960009BA0C9 /* Frameworks */,
				8967A64124EBA960009BA0C9 /* Resources */,
				89A182C424EBAEAA00956CA9 /* Embed Frameworks */,
			);
			buildRules = (
			);
			dependencies = (
			);
			name = "ios-ocr";
			productName = "ios-ocr";
			productReference = 8967A64324EBA960009BA0C9 /* ios-ocr.app */;
			productType = "com.apple.product-type.application";
		};
/* End PBXNativeTarget section */

/* Begin PBXProject section */
		8967A63B24EBA960009BA0C9 /* Project object */ = {
			isa = PBXProject;
			attributes = {
				LastUpgradeCheck = 1130;
				ORGANIZATIONNAME = ReidLee;
				TargetAttributes = {
					8967A64224EBA960009BA0C9 = {
						CreatedOnToolsVersion = 11.3.1;
					};
				};
			};
			buildConfigurationList = 8967A63E24EBA960009BA0C9 /* Build configuration list for PBXProject "ios-ocr" */;
			compatibilityVersion = "Xcode 9.3";
			developmentRegion = en;
			hasScannedForEncodings = 0;
			knownRegions = (
				en,
				Base,
			);
			mainGroup = 8967A63A24EBA960009BA0C9;
			productRefGroup = 8967A64424EBA960009BA0C9 /* Products */;
			projectDirPath = "";
			projectRoot = "";
			targets = (
				8967A64224EBA960009BA0C9 /* ios-ocr */,
			);
		};
/* End PBXProject section */

/* Begin PBXResourcesBuildPhase section */
		8967A64124EBA960009BA0C9 /* Resources */ = {
			isa = PBXResourcesBuildPhase;
			buildActionMask = 2147483647;
			files = (
				8967A65624EBA961009BA0C9 /* LaunchScreen.storyboard in Resources */,
				8985C44227577243004E1F52 /* esandocr.bundle in Resources */,
				8967A65324EBA961009BA0C9 /* Assets.xcassets in Resources */,
				89A182EA24ED6C1F00956CA9 /* logo@3x.png in Resources */,
				8967A65124EBA960009BA0C9 /* Main.storyboard in Resources */,
			);
			runOnlyForDeploymentPostprocessing = 0;
		};
/* End PBXResourcesBuildPhase section */

/* Begin PBXSourcesBuildPhase section */
		8967A63F24EBA960009BA0C9 /* Sources */ = {
			isa = PBXSourcesBuildPhase;
			buildActionMask = 2147483647;
			files = (
				8967A64E24EBA960009BA0C9 /* ViewController.m in Sources */,
				8967A64824EBA960009BA0C9 /* AppDelegate.m in Sources */,
				8967A65924EBA961009BA0C9 /* main.m in Sources */,
				8967A64B24EBA960009BA0C9 /* SceneDelegate.m in Sources */,
			);
			runOnlyForDeploymentPostprocessing = 0;
		};
/* End PBXSourcesBuildPhase section */

/* Begin PBXVariantGroup section */
		8967A64F24EBA960009BA0C9 /* Main.storyboard */ = {
			isa = PBXVariantGroup;
			children = (
				8967A65024EBA960009BA0C9 /* Base */,
			);
			name = Main.storyboard;
			sourceTree = "<group>";
		};
		8967A65424EBA961009BA0C9 /* LaunchScreen.storyboard */ = {
			isa = PBXVariantGroup;
			children = (
				8967A65524EBA961009BA0C9 /* Base */,
			);
			name = LaunchScreen.storyboard;
			sourceTree = "<group>";
		};
/* End PBXVariantGroup section */

/* Begin XCBuildConfiguration section */
		8967A65A24EBA961009BA0C9 /* Debug */ = {
			isa = XCBuildConfiguration;
			buildSettings = {
				ALWAYS_SEARCH_USER_PATHS = NO;
				CLANG_ANALYZER_NONNULL = YES;
				CLANG_ANALYZER_NUMBER_OBJECT_CONVERSION = YES_AGGRESSIVE;
				CLANG_CXX_LANGUAGE_STANDARD = "gnu++14";
				CLANG_CXX_LIBRARY = "libc++";
				CLANG_ENABLE_MODULES = YES;
				CLANG_ENABLE_OBJC_ARC = YES;
				CLANG_ENABLE_OBJC_WEAK = YES;
				CLANG_WARN_BLOCK_CAPTURE_AUTORELEASING = YES;
				CLANG_WARN_BOOL_CONVERSION = YES;
				CLANG_WARN_COMMA = YES;
				CLANG_WARN_CONSTANT_CONVERSION = YES;
				CLANG_WARN_DEPRECATED_OBJC_IMPLEMENTATIONS = YES;
				CLANG_WARN_DIRECT_OBJC_ISA_USAGE = YES_ERROR;
				CLANG_WARN_DOCUMENTATION_COMMENTS = YES;
				CLANG_WARN_EMPTY_BODY = YES;
				CLANG_WARN_ENUM_CONVERSION = YES;
				CLANG_WARN_INFINITE_RECURSION = YES;
				CLANG_WARN_INT_CONVERSION = YES;
				CLANG_WARN_NON_LITERAL_NULL_CONVERSION = YES;
				CLANG_WARN_OBJC_IMPLICIT_RETAIN_SELF = YES;
				CLANG_WARN_OBJC_LITERAL_CONVERSION = YES;
				CLANG_WARN_OBJC_ROOT_CLASS = YES_ERROR;
				CLANG_WARN_RANGE_LOOP_ANALYSIS = YES;
				CLANG_WARN_STRICT_PROTOTYPES = YES;
				CLANG_WARN_SUSPICIOUS_MOVE = YES;
				CLANG_WARN_UNGUARDED_AVAILABILITY = YES_AGGRESSIVE;
				CLANG_WARN_UNREACHABLE_CODE = YES;
				CLANG_WARN__DUPLICATE_METHOD_MATCH = YES;
				COPY_PHASE_STRIP = NO;
				DEBUG_INFORMATION_FORMAT = dwarf;
				ENABLE_STRICT_OBJC_MSGSEND = YES;
				ENABLE_TESTABILITY = YES;
				GCC_C_LANGUAGE_STANDARD = gnu11;
				GCC_DYNAMIC_NO_PIC = NO;
				GCC_NO_COMMON_BLOCKS = YES;
				GCC_OPTIMIZATION_LEVEL = 0;
				GCC_PREPROCESSOR_DEFINITIONS = (
					"DEBUG=1",
					"$(inherited)",
				);
				GCC_WARN_64_TO_32_BIT_CONVERSION = YES;
				GCC_WARN_ABOUT_RETURN_TYPE = YES_ERROR;
				GCC_WARN_UNDECLARED_SELECTOR = YES;
				GCC_WARN_UNINITIALIZED_AUTOS = YES_AGGRESSIVE;
				GCC_WARN_UNUSED_FUNCTION = YES;
				GCC_WARN_UNUSED_VARIABLE = YES;
				IPHONEOS_DEPLOYMENT_TARGET = 13.2;
				MTL_ENABLE_DEBUG_INFO = INCLUDE_SOURCE;
				MTL_FAST_MATH = YES;
				ONLY_ACTIVE_ARCH = YES;
				SDKROOT = iphoneos;
			};
			name = Debug;
		};
		8967A65B24EBA961009BA0C9 /* Release */ = {
			isa = XCBuildConfiguration;
			buildSettings = {
				ALWAYS_SEARCH_USER_PATHS = NO;
				CLANG_ANALYZER_NONNULL = YES;
				CLANG_ANALYZER_NUMBER_OBJECT_CONVERSION = YES_AGGRESSIVE;
				CLANG_CXX_LANGUAGE_STANDARD = "gnu++14";
				CLANG_CXX_LIBRARY = "libc++";
				CLANG_ENABLE_MODULES = YES;
				CLANG_ENABLE_OBJC_ARC = YES;
				CLANG_ENABLE_OBJC_WEAK = YES;
				CLANG_WARN_BLOCK_CAPTURE_AUTORELEASING = YES;
				CLANG_WARN_BOOL_CONVERSION = YES;
				CLANG_WARN_COMMA = YES;
				CLANG_WARN_CONSTANT_CONVERSION = YES;
				CLANG_WARN_DEPRECATED_OBJC_IMPLEMENTATIONS = YES;
				CLANG_WARN_DIRECT_OBJC_ISA_USAGE = YES_ERROR;
				CLANG_WARN_DOCUMENTATION_COMMENTS = YES;
				CLANG_WARN_EMPTY_BODY = YES;
				CLANG_WARN_ENUM_CONVERSION = YES;
				CLANG_WARN_INFINITE_RECURSION = YES;
				CLANG_WARN_INT_CONVERSION = YES;
				CLANG_WARN_NON_LITERAL_NULL_CONVERSION = YES;
				CLANG_WARN_OBJC_IMPLICIT_RETAIN_SELF = YES;
				CLANG_WARN_OBJC_LITERAL_CONVERSION = YES;
				CLANG_WARN_OBJC_ROOT_CLASS = YES_ERROR;
				CLANG_WARN_RANGE_LOOP_ANALYSIS = YES;
				CLANG_WARN_STRICT_PROTOTYPES = YES;
				CLANG_WARN_SUSPICIOUS_MOVE = YES;
				CLANG_WARN_UNGUARDED_AVAILABILITY = YES_AGGRESSIVE;
				CLANG_WARN_UNREACHABLE_CODE = YES;
				CLANG_WARN__DUPLICATE_METHOD_MATCH = YES;
				COPY_PHASE_STRIP = NO;
				DEBUG_INFORMATION_FORMAT = "dwarf-with-dsym";
				ENABLE_NS_ASSERTIONS = NO;
				ENABLE_STRICT_OBJC_MSGSEND = YES;
				GCC_C_LANGUAGE_STANDARD = gnu11;
				GCC_NO_COMMON_BLOCKS = YES;
				GCC_WARN_64_TO_32_BIT_CONVERSION = YES;
				GCC_WARN_ABOUT_RETURN_TYPE = YES_ERROR;
				GCC_WARN_UNDECLARED_SELECTOR = YES;
				GCC_WARN_UNINITIALIZED_AUTOS = YES_AGGRESSIVE;
				GCC_WARN_UNUSED_FUNCTION = YES;
				GCC_WARN_UNUSED_VARIABLE = YES;
				IPHONEOS_DEPLOYMENT_TARGET = 13.2;
				MTL_ENABLE_DEBUG_INFO = NO;
				MTL_FAST_MATH = YES;
				SDKROOT = iphoneos;
				VALIDATE_PRODUCT = YES;
			};
			name = Release;
		};
		8967A65D24EBA961009BA0C9 /* Debug */ = {
			isa = XCBuildConfiguration;
			buildSettings = {
				ASSETCATALOG_COMPILER_APPICON_NAME = AppIcon;
				CODE_SIGN_IDENTITY = "Apple Development";
				CODE_SIGN_STYLE = Automatic;
				DEVELOPMENT_TEAM = AZ36C3G8V7;
				"EXCLUDED_ARCHS[sdk=iphonesimulator*]" = arm64;
				FRAMEWORK_SEARCH_PATHS = (
					"$(inherited)",
					"$(PROJECT_DIR)/frameworks",
				);
				INFOPLIST_FILE = "ios-ocr/Info.plist";
				IPHONEOS_DEPLOYMENT_TARGET = 13.2;
				LD_RUNPATH_SEARCH_PATHS = (
					"$(inherited)",
					"@executable_path/Frameworks",
				);
				PRODUCT_BUNDLE_IDENTIFIER = "reidlee.ios-ocr";
				PRODUCT_NAME = "$(TARGET_NAME)";
				PROVISIONING_PROFILE_SPECIFIER = "";
				TARGETED_DEVICE_FAMILY = "1,2";
			};
			name = Debug;
		};
		8967A65E24EBA961009BA0C9 /* Release */ = {
			isa = XCBuildConfiguration;
			buildSettings = {
				ASSETCATALOG_COMPILER_APPICON_NAME = AppIcon;
				CODE_SIGN_STYLE = Automatic;
				DEVELOPMENT_TEAM = AZ36C3G8V7;
				"EXCLUDED_ARCHS[sdk=iphonesimulator*]" = arm64;
				FRAMEWORK_SEARCH_PATHS = (
					"$(inherited)",
					"$(PROJECT_DIR)/frameworks",
				);
				INFOPLIST_FILE = "ios-ocr/Info.plist";
				IPHONEOS_DEPLOYMENT_TARGET = 13.2;
				LD_RUNPATH_SEARCH_PATHS = (
					"$(inherited)",
					"@executable_path/Frameworks",
				);
				PRODUCT_BUNDLE_IDENTIFIER = "reidlee.ios-ocr";
				PRODUCT_NAME = "$(TARGET_NAME)";
				TARGETED_DEVICE_FAMILY = "1,2";
			};
			name = Release;
		};
/* End XCBuildConfiguration section */

/* Begin XCConfigurationList section */
		8967A63E24EBA960009BA0C9 /* Build configuration list for PBXProject "ios-ocr" */ = {
			isa = XCConfigurationList;
			buildConfigurations = (
				8967A65A24EBA961009BA0C9 /* Debug */,
				8967A65B24EBA961009BA0C9 /* Release */,
			);
			defaultConfigurationIsVisible = 0;
			defaultConfigurationName = Release;
		};
		8967A65C24EBA961009BA0C9 /* Build configuration list for PBXNativeTarget "ios-ocr" */ = {
			isa = XCConfigurationList;
			buildConfigurations = (
				8967A65D24EBA961009BA0C9 /* Debug */,
				8967A65E24EBA961009BA0C9 /* Release */,
			);
			defaultConfigurationIsVisible = 0;
			defaultConfigurationName = Release;
		};
/* End XCConfigurationList section */
	};
	rootObject = 8967A63B24EBA960009BA0C9 /* Project object */;
}
